{
  "version": "4",
  "redirects": {
    "https://deno.land/x/ensure/mod.ts": "https://deno.land/x/ensure@v1.2.0/mod.ts",
    "https://deno.land/x/good/flattened/deferred_promise.js": "https://deno.land/x/good@1.14.3.3/flattened/deferred_promise.js",
    "https://esm.sh/gh/jeff-hykin/good-js@1.14.3.0/source/flattened/common_prefix.js": "https://esm.sh/gh/jeff-hykin/good-js@40797ac/source/flattened/common_prefix.js"
  },
  "remote": {
    "https://deno.land/std@0.128.0/_util/assert.ts": "e94f2eb37cebd7f199952e242c77654e43333c1ac4c5c700e929ea3aa5489f74",
    "https://deno.land/std@0.128.0/_util/os.ts": "49b92edea1e82ba295ec946de8ffd956ed123e2948d9bd1d3e901b04e4307617",
    "https://deno.land/std@0.128.0/path/_constants.ts": "df1db3ffa6dd6d1252cc9617e5d72165cd2483df90e93833e13580687b6083c3",
    "https://deno.land/std@0.128.0/path/_interface.ts": "ee3b431a336b80cf445441109d089b70d87d5e248f4f90ff906820889ecf8d09",
    "https://deno.land/std@0.128.0/path/_util.ts": "c1e9686d0164e29f7d880b2158971d805b6e0efc3110d0b3e24e4b8af2190d2b",
    "https://deno.land/std@0.128.0/path/common.ts": "bee563630abd2d97f99d83c96c2fa0cca7cee103e8cb4e7699ec4d5db7bd2633",
    "https://deno.land/std@0.128.0/path/glob.ts": "cb5255638de1048973c3e69e420c77dc04f75755524cb3b2e160fe9277d939ee",
    "https://deno.land/std@0.128.0/path/mod.ts": "4275129bb766f0e475ecc5246aa35689eeade419d72a48355203f31802640be7",
    "https://deno.land/std@0.128.0/path/posix.ts": "663e4a6fe30a145f56aa41a22d95114c4c5582d8b57d2d7c9ed27ad2c47636bb",
    "https://deno.land/std@0.128.0/path/separator.ts": "fe1816cb765a8068afb3e8f13ad272351c85cbc739af56dacfc7d93d710fe0f9",
    "https://deno.land/std@0.128.0/path/win32.ts": "e7bdf63e8d9982b4d8a01ef5689425c93310ece950e517476e22af10f41a136e",
    "https://deno.land/std@0.133.0/_deno_unstable.ts": "23a1a36928f1b6d3b0170aaa67de09af12aa998525f608ff7331b9fb364cbde6",
    "https://deno.land/std@0.133.0/_util/assert.ts": "e94f2eb37cebd7f199952e242c77654e43333c1ac4c5c700e929ea3aa5489f74",
    "https://deno.land/std@0.133.0/_util/os.ts": "49b92edea1e82ba295ec946de8ffd956ed123e2948d9bd1d3e901b04e4307617",
    "https://deno.land/std@0.133.0/fs/_util.ts": "0fb24eb4bfebc2c194fb1afdb42b9c3dda12e368f43e8f2321f84fc77d42cb0f",
    "https://deno.land/std@0.133.0/fs/copy.ts": "9248d1492599957af8c693ceb10a432b09f0b0b61c60a4d6aff29b0c7d3a17b3",
    "https://deno.land/std@0.133.0/fs/empty_dir.ts": "7274d87160de34cbed0531e284df383045cf43543bbeadeb97feac598bd8f3c5",
    "https://deno.land/std@0.133.0/fs/ensure_dir.ts": "9dc109c27df4098b9fc12d949612ae5c9c7169507660dcf9ad90631833209d9d",
    "https://deno.land/std@0.133.0/fs/ensure_file.ts": "7d353e64fee3d4d1e7c6b6726a2a5e987ba402c15fb49566309042887349c545",
    "https://deno.land/std@0.133.0/fs/ensure_link.ts": "489e23df9fe3e6636048b5830ddf0f111eb29621eb85719255ad9bd645f3471b",
    "https://deno.land/std@0.133.0/fs/ensure_symlink.ts": "88dc83de1bc90ed883dd458c2d2eae3d5834a4617d12925734836e1f0803b274",
    "https://deno.land/std@0.133.0/fs/eol.ts": "b92f0b88036de507e7e6fbedbe8f666835ea9dcbf5ac85917fa1fadc919f83a5",
    "https://deno.land/std@0.133.0/fs/exists.ts": "cb734d872f8554ea40b8bff77ad33d4143c1187eac621a55bf37781a43c56f6d",
    "https://deno.land/std@0.133.0/fs/expand_glob.ts": "0c10130d67c9b02164b03df8e43c6d6defbf8e395cb69d09e84a8586e6d72ac3",
    "https://deno.land/std@0.133.0/fs/mod.ts": "4dc052c461c171abb5c25f6e0f218ab838a716230930b534ba351745864b7d6d",
    "https://deno.land/std@0.133.0/fs/move.ts": "0573cedcf583f09a9494f2dfccbf67de68a93629942d6b5e6e74a9e45d4e8a2e",
    "https://deno.land/std@0.133.0/fs/walk.ts": "117403ccd21fd322febe56ba06053b1ad5064c802170f19b1ea43214088fe95f",
    "https://deno.land/std@0.133.0/path/_constants.ts": "df1db3ffa6dd6d1252cc9617e5d72165cd2483df90e93833e13580687b6083c3",
    "https://deno.land/std@0.133.0/path/_interface.ts": "ee3b431a336b80cf445441109d089b70d87d5e248f4f90ff906820889ecf8d09",
    "https://deno.land/std@0.133.0/path/_util.ts": "c1e9686d0164e29f7d880b2158971d805b6e0efc3110d0b3e24e4b8af2190d2b",
    "https://deno.land/std@0.133.0/path/common.ts": "bee563630abd2d97f99d83c96c2fa0cca7cee103e8cb4e7699ec4d5db7bd2633",
    "https://deno.land/std@0.133.0/path/glob.ts": "cb5255638de1048973c3e69e420c77dc04f75755524cb3b2e160fe9277d939ee",
    "https://deno.land/std@0.133.0/path/mod.ts": "4275129bb766f0e475ecc5246aa35689eeade419d72a48355203f31802640be7",
    "https://deno.land/std@0.133.0/path/posix.ts": "663e4a6fe30a145f56aa41a22d95114c4c5582d8b57d2d7c9ed27ad2c47636bb",
    "https://deno.land/std@0.133.0/path/separator.ts": "fe1816cb765a8068afb3e8f13ad272351c85cbc739af56dacfc7d93d710fe0f9",
    "https://deno.land/std@0.133.0/path/win32.ts": "e7bdf63e8d9982b4d8a01ef5689425c93310ece950e517476e22af10f41a136e",
    "https://deno.land/std@0.156.0/encoding/base64.ts": "c57868ca7fa2fbe919f57f88a623ad34e3d970d675bdc1ff3a9d02bba7409db2",
    "https://deno.land/std@0.191.0/_util/asserts.ts": "178dfc49a464aee693a7e285567b3d0b555dc805ff490505a8aae34f9cfb1462",
    "https://deno.land/std@0.191.0/_util/os.ts": "d932f56d41e4f6a6093d56044e29ce637f8dcc43c5a90af43504a889cf1775e3",
    "https://deno.land/std@0.191.0/bytes/concat.ts": "d26d6f3d7922e6d663dacfcd357563b7bf4a380ce5b9c2bbe0c8586662f25ce2",
    "https://deno.land/std@0.191.0/bytes/copy.ts": "939d89e302a9761dcf1d9c937c7711174ed74c59eef40a1e4569a05c9de88219",
    "https://deno.land/std@0.191.0/io/buf_reader.ts": "06fff3337091c49e99ebd2dd790c9a90364c087a2953ea081667400fd6c6cebb",
    "https://deno.land/std@0.191.0/io/read_lines.ts": "c526c12a20a9386dc910d500f9cdea43cba974e853397790bd146817a7eef8cc",
    "https://deno.land/std@0.191.0/path/_constants.ts": "e49961f6f4f48039c0dfed3c3f93e963ca3d92791c9d478ac5b43183413136e0",
    "https://deno.land/std@0.191.0/path/_util.ts": "d7abb1e0dea065f427b89156e28cdeb32b045870acdf865833ba808a73b576d0",
    "https://deno.land/std@0.191.0/path/glob.ts": "d479e0a695621c94d3fd7fe7abd4f9499caf32a8de13f25073451c6ef420a4e1",
    "https://deno.land/std@0.191.0/path/posix.ts": "8b7c67ac338714b30c816079303d0285dd24af6b284f7ad63da5b27372a2c94d",
    "https://deno.land/std@0.191.0/path/separator.ts": "0fb679739d0d1d7bf45b68dacfb4ec7563597a902edbaf3c59b50d5bcadd93b1",
    "https://deno.land/std@0.191.0/path/win32.ts": "d186344e5583bcbf8b18af416d13d82b35a317116e6460a5a3953508c3de5bba",
    "https://deno.land/std@0.213.0/assert/assert.ts": "bec068b2fccdd434c138a555b19a2c2393b71dfaada02b7d568a01541e67cdc5",
    "https://deno.land/std@0.213.0/assert/assertion_error.ts": "9f689a101ee586c4ce92f52fa7ddd362e86434ffdf1f848e45987dc7689976b8",
    "https://deno.land/std@0.213.0/bytes/concat.ts": "9cac3b4376afbef98ff03588eb3cf948e0d1eb6c27cfe81a7651ab6dd3adc54a",
    "https://deno.land/std@0.213.0/bytes/copy.ts": "f29c03168853720dfe82eaa57793d0b9e3543ebfe5306684182f0f1e3bfd422a",
    "https://deno.land/std@0.213.0/fmt/colors.ts": "aeaee795471b56fc62a3cb2e174ed33e91551b535f44677f6320336aabb54fbb",
    "https://deno.land/std@0.213.0/fs/_create_walk_entry.ts": "5d9d2aaec05bcf09a06748b1684224d33eba7a4de24cf4cf5599991ca6b5b412",
    "https://deno.land/std@0.213.0/fs/_get_file_info_type.ts": "da7bec18a7661dba360a1db475b826b18977582ce6fc9b25f3d4ee0403fe8cbd",
    "https://deno.land/std@0.213.0/fs/_is_same_path.ts": "709c95868345fea051c58b9e96af95cff94e6ae98dfcff2b66dee0c212c4221f",
    "https://deno.land/std@0.213.0/fs/_is_subdir.ts": "c68b309d46cc8568ed83c000f608a61bbdba0943b7524e7a30f9e450cf67eecd",
    "https://deno.land/std@0.213.0/fs/_to_path_string.ts": "29bfc9c6c112254961d75cbf6ba814d6de5349767818eb93090cecfa9665591e",
    "https://deno.land/std@0.213.0/fs/copy.ts": "dc0f68c4b6c3b090bfdb909387e309f6169b746bd713927c9507c9ef545d71f6",
    "https://deno.land/std@0.213.0/fs/empty_dir.ts": "4f01e6d56e2aa8d90ad60f20bc25601f516b00f6c3044cdf6863a058791d91aa",
    "https://deno.land/std@0.213.0/fs/ensure_dir.ts": "dffff68de0d10799b5aa9e39dec4e327e12bbd29e762292193684542648c4aeb",
    "https://deno.land/std@0.213.0/fs/ensure_file.ts": "ac5cfde94786b0284d2c8e9f7f9425269bea1b2140612b4aea1f20b508870f59",
    "https://deno.land/std@0.213.0/fs/ensure_link.ts": "d42af2edefeaa9817873ec6e46dc5d209ac4d744f8c69c5ecc2dffade78465b6",
    "https://deno.land/std@0.213.0/fs/ensure_symlink.ts": "aee3f1655700f60090b4a3037f5b6c07ab37c36807cccad746ce89987719e6d2",
    "https://deno.land/std@0.213.0/fs/eol.ts": "c9807291f78361d49fd986a9be04654610c615c5e2ec63d748976197d30ff206",
    "https://deno.land/std@0.213.0/fs/exists.ts": "d2757ef764eaf5c6c5af7228e8447db2de42ab084a2dae540097f905723d83f5",
    "https://deno.land/std@0.213.0/fs/expand_glob.ts": "a64e4ab51f62780f764789c9cdeacc862d221e35207fb81170a980ccc22868e3",
    "https://deno.land/std@0.213.0/fs/mod.ts": "107f5afa4424c2d3ce2f7e9266173198da30302c69af662c720115fe504dc5ee",
    "https://deno.land/std@0.213.0/fs/move.ts": "39e0d7ccb88a566d20b949712020e766b15ef1ec19159573d11f949bd677909c",
    "https://deno.land/std@0.213.0/fs/walk.ts": "f04cc83ad3b27b5a5d078c831a01c7406069474bf280d5db015d937149a60128",
    "https://deno.land/std@0.213.0/io/_constants.ts": "3c7ad4695832e6e4a32e35f218c70376b62bc78621ef069a4a0a3d55739f8856",
    "https://deno.land/std@0.213.0/io/buf_reader.ts": "ccbd43ace0a9eebbd5e1b4765724b79da79d1e28b90c2b08537b99192da4a1f7",
    "https://deno.land/std@0.213.0/io/buffer.ts": "79182995c8340ece2fa8763a8da86d282c507e854921d0a4c2ba7425c63609ef",
    "https://deno.land/std@0.213.0/io/read_all.ts": "876c1cb20adea15349c72afc86cecd3573335845ae778967aefb5e55fe5a8a4a",
    "https://deno.land/std@0.213.0/io/write_all.ts": "24aac2312bb21096ae3ae0b102b22c26164d3249dff96dbac130958aa736f038",
    "https://deno.land/std@0.213.0/path/_common/assert_path.ts": "2ca275f36ac1788b2acb60fb2b79cb06027198bc2ba6fb7e163efaedde98c297",
    "https://deno.land/std@0.213.0/path/_common/basename.ts": "569744855bc8445f3a56087fd2aed56bdad39da971a8d92b138c9913aecc5fa2",
    "https://deno.land/std@0.213.0/path/_common/common.ts": "6157c7ec1f4db2b4a9a187efd6ce76dcaf1e61cfd49f87e40d4ea102818df031",
    "https://deno.land/std@0.213.0/path/_common/constants.ts": "dc5f8057159f4b48cd304eb3027e42f1148cf4df1fb4240774d3492b5d12ac0c",
    "https://deno.land/std@0.213.0/path/_common/dirname.ts": "684df4aa71a04bbcc346c692c8485594fc8a90b9408dfbc26ff32cf3e0c98cc8",
    "https://deno.land/std@0.213.0/path/_common/format.ts": "92500e91ea5de21c97f5fe91e178bae62af524b72d5fcd246d6d60ae4bcada8b",
    "https://deno.land/std@0.213.0/path/_common/from_file_url.ts": "d672bdeebc11bf80e99bf266f886c70963107bdd31134c4e249eef51133ceccf",
    "https://deno.land/std@0.213.0/path/_common/glob_to_reg_exp.ts": "2007aa87bed6eb2c8ae8381adcc3125027543d9ec347713c1ad2c68427330770",
    "https://deno.land/std@0.213.0/path/_common/normalize.ts": "684df4aa71a04bbcc346c692c8485594fc8a90b9408dfbc26ff32cf3e0c98cc8",
    "https://deno.land/std@0.213.0/path/_common/normalize_string.ts": "dfdf657a1b1a7db7999f7c575ee7e6b0551d9c20f19486c6c3f5ff428384c965",
    "https://deno.land/std@0.213.0/path/_common/relative.ts": "faa2753d9b32320ed4ada0733261e3357c186e5705678d9dd08b97527deae607",
    "https://deno.land/std@0.213.0/path/_common/strip_trailing_separators.ts": "7024a93447efcdcfeaa9339a98fa63ef9d53de363f1fbe9858970f1bba02655a",
    "https://deno.land/std@0.213.0/path/_common/to_file_url.ts": "7f76adbc83ece1bba173e6e98a27c647712cab773d3f8cbe0398b74afc817883",
    "https://deno.land/std@0.213.0/path/_interface.ts": "a1419fcf45c0ceb8acdccc94394e3e94f99e18cfd32d509aab514c8841799600",
    "https://deno.land/std@0.213.0/path/_os.ts": "8fb9b90fb6b753bd8c77cfd8a33c2ff6c5f5bc185f50de8ca4ac6a05710b2c15",
    "https://deno.land/std@0.213.0/path/basename.ts": "5d341aadb7ada266e2280561692c165771d071c98746fcb66da928870cd47668",
    "https://deno.land/std@0.213.0/path/common.ts": "03e52e22882402c986fe97ca3b5bb4263c2aa811c515ce84584b23bac4cc2643",
    "https://deno.land/std@0.213.0/path/constants.ts": "0c206169ca104938ede9da48ac952de288f23343304a1c3cb6ec7625e7325f36",
    "https://deno.land/std@0.213.0/path/dirname.ts": "85bd955bf31d62c9aafdd7ff561c4b5fb587d11a9a5a45e2b01aedffa4238a7c",
    "https://deno.land/std@0.213.0/path/extname.ts": "593303db8ae8c865cbd9ceec6e55d4b9ac5410c1e276bfd3131916591b954441",
    "https://deno.land/std@0.213.0/path/format.ts": "98fad25f1af7b96a48efb5b67378fcc8ed77be895df8b9c733b86411632162af",
    "https://deno.land/std@0.213.0/path/from_file_url.ts": "911833ae4fd10a1c84f6271f36151ab785955849117dc48c6e43b929504ee069",
    "https://deno.land/std@0.213.0/path/glob.ts": "04510962905d4b1513b44da9cb195914e0fa46c24359f6feaca20848d797dcb0",
    "https://deno.land/std@0.213.0/path/glob_to_regexp.ts": "83c5fd36a8c86f5e72df9d0f45317f9546afa2ce39acaafe079d43a865aced08",
    "https://deno.land/std@0.213.0/path/is_absolute.ts": "4791afc8bfd0c87f0526eaa616b0d16e7b3ab6a65b62942e50eac68de4ef67d7",
    "https://deno.land/std@0.213.0/path/is_glob.ts": "a65f6195d3058c3050ab905705891b412ff942a292bcbaa1a807a74439a14141",
    "https://deno.land/std@0.213.0/path/join.ts": "ae2ec5ca44c7e84a235fd532e4a0116bfb1f2368b394db1c4fb75e3c0f26a33a",
    "https://deno.land/std@0.213.0/path/join_globs.ts": "e9589869a33dc3982101898ee50903db918ca00ad2614dbe3934d597d7b1fbea",
    "https://deno.land/std@0.213.0/path/mod.ts": "ffeaccb713dbe6c72e015b7c767f753f8ec5fbc3b621ff5eeee486ffc2c0ddda",
    "https://deno.land/std@0.213.0/path/normalize.ts": "4155743ccceeed319b350c1e62e931600272fad8ad00c417b91df093867a8352",
    "https://deno.land/std@0.213.0/path/normalize_glob.ts": "98ee8268fad271193603271c203ae973280b5abfbdd2cbca1053fd2af71869ca",
    "https://deno.land/std@0.213.0/path/parse.ts": "65e8e285f1a63b714e19ef24b68f56e76934c3df0b6e65fd440d3991f4f8aefb",
    "https://deno.land/std@0.213.0/path/posix/_util.ts": "1e3937da30f080bfc99fe45d7ed23c47dd8585c5e473b2d771380d3a6937cf9d",
    "https://deno.land/std@0.213.0/path/posix/basename.ts": "39ee27a29f1f35935d3603ccf01d53f3d6e0c5d4d0f84421e65bd1afeff42843",
    "https://deno.land/std@0.213.0/path/posix/common.ts": "26f60ccc8b2cac3e1613000c23ac5a7d392715d479e5be413473a37903a2b5d4",
    "https://deno.land/std@0.213.0/path/posix/constants.ts": "93481efb98cdffa4c719c22a0182b994e5a6aed3047e1962f6c2c75b7592bef1",
    "https://deno.land/std@0.213.0/path/posix/dirname.ts": "6535d2bdd566118963537b9dda8867ba9e2a361015540dc91f5afbb65c0cce8b",
    "https://deno.land/std@0.213.0/path/posix/extname.ts": "8d36ae0082063c5e1191639699e6f77d3acf501600a3d87b74943f0ae5327427",
    "https://deno.land/std@0.213.0/path/posix/format.ts": "185e9ee2091a42dd39e2a3b8e4925370ee8407572cee1ae52838aed96310c5c1",
    "https://deno.land/std@0.213.0/path/posix/from_file_url.ts": "951aee3a2c46fd0ed488899d024c6352b59154c70552e90885ed0c2ab699bc40",
    "https://deno.land/std@0.213.0/path/posix/glob_to_regexp.ts": "54d3ff40f309e3732ab6e5b19d7111d2d415248bcd35b67a99defcbc1972e697",
    "https://deno.land/std@0.213.0/path/posix/is_absolute.ts": "cebe561ad0ae294f0ce0365a1879dcfca8abd872821519b4fcc8d8967f888ede",
    "https://deno.land/std@0.213.0/path/posix/is_glob.ts": "8a8b08c08bf731acf2c1232218f1f45a11131bc01de81e5f803450a5914434b9",
    "https://deno.land/std@0.213.0/path/posix/join.ts": "aef88d5fa3650f7516730865dbb951594d1a955b785e2450dbee93b8e32694f3",
    "https://deno.land/std@0.213.0/path/posix/join_globs.ts": "ee2f4676c5b8a0dfa519da58b8ade4d1c4aa8dd3fe35619edec883ae9df1f8c9",
    "https://deno.land/std@0.213.0/path/posix/mod.ts": "563a18c2b3ddc62f3e4a324ff0f583e819b8602a72ad880cb98c9e2e34f8db5b",
    "https://deno.land/std@0.213.0/path/posix/normalize.ts": "baeb49816a8299f90a0237d214cef46f00ba3e95c0d2ceb74205a6a584b58a91",
    "https://deno.land/std@0.213.0/path/posix/normalize_glob.ts": "65f0138fa518ef9ece354f32889783fc38cdf985fb02dcf1c3b14fa47d665640",
    "https://deno.land/std@0.213.0/path/posix/parse.ts": "d5bac4eb21262ab168eead7e2196cb862940c84cee572eafedd12a0d34adc8fb",
    "https://deno.land/std@0.213.0/path/posix/relative.ts": "3907d6eda41f0ff723d336125a1ad4349112cd4d48f693859980314d5b9da31c",
    "https://deno.land/std@0.213.0/path/posix/resolve.ts": "bac20d9921beebbbb2b73706683b518b1d0c1b1da514140cee409e90d6b2913a",
    "https://deno.land/std@0.213.0/path/posix/separator.ts": "c9ecae5c843170118156ac5d12dc53e9caf6a1a4c96fc8b1a0ab02dff5c847b0",
    "https://deno.land/std@0.213.0/path/posix/to_file_url.ts": "7aa752ba66a35049e0e4a4be5a0a31ac6b645257d2e031142abb1854de250aaf",
    "https://deno.land/std@0.213.0/path/posix/to_namespaced_path.ts": "28b216b3c76f892a4dca9734ff1cc0045d135532bfd9c435ae4858bfa5a2ebf0",
    "https://deno.land/std@0.213.0/path/relative.ts": "ab739d727180ed8727e34ed71d976912461d98e2b76de3d3de834c1066667add",
    "https://deno.land/std@0.213.0/path/resolve.ts": "a6f977bdb4272e79d8d0ed4333e3d71367cc3926acf15ac271f1d059c8494d8d",
    "https://deno.land/std@0.213.0/path/separator.ts": "c6c890507f944a1f5cb7d53b8d638d6ce3cf0f34609c8d84a10c1eaa400b77a9",
    "https://deno.land/std@0.213.0/path/to_file_url.ts": "88f049b769bce411e2d2db5bd9e6fd9a185a5fbd6b9f5ad8f52bef517c4ece1b",
    "https://deno.land/std@0.213.0/path/to_namespaced_path.ts": "b706a4103b104cfadc09600a5f838c2ba94dbcdb642344557122dda444526e40",
    "https://deno.land/std@0.213.0/path/windows/_util.ts": "d5f47363e5293fced22c984550d5e70e98e266cc3f31769e1710511803d04808",
    "https://deno.land/std@0.213.0/path/windows/basename.ts": "e2dbf31d1d6385bfab1ce38c333aa290b6d7ae9e0ecb8234a654e583cf22f8fe",
    "https://deno.land/std@0.213.0/path/windows/common.ts": "26f60ccc8b2cac3e1613000c23ac5a7d392715d479e5be413473a37903a2b5d4",
    "https://deno.land/std@0.213.0/path/windows/constants.ts": "5afaac0a1f67b68b0a380a4ef391bf59feb55856aa8c60dfc01bd3b6abb813f5",
    "https://deno.land/std@0.213.0/path/windows/dirname.ts": "33e421be5a5558a1346a48e74c330b8e560be7424ed7684ea03c12c21b627bc9",
    "https://deno.land/std@0.213.0/path/windows/extname.ts": "165a61b00d781257fda1e9606a48c78b06815385e7d703232548dbfc95346bef",
    "https://deno.land/std@0.213.0/path/windows/format.ts": "bbb5ecf379305b472b1082cd2fdc010e44a0020030414974d6029be9ad52aeb6",
    "https://deno.land/std@0.213.0/path/windows/from_file_url.ts": "ced2d587b6dff18f963f269d745c4a599cf82b0c4007356bd957cb4cb52efc01",
    "https://deno.land/std@0.213.0/path/windows/glob_to_regexp.ts": "6dcd1242bd8907aa9660cbdd7c93446e6927b201112b0cba37ca5d80f81be51b",
    "https://deno.land/std@0.213.0/path/windows/is_absolute.ts": "4a8f6853f8598cf91a835f41abed42112cebab09478b072e4beb00ec81f8ca8a",
    "https://deno.land/std@0.213.0/path/windows/is_glob.ts": "8a8b08c08bf731acf2c1232218f1f45a11131bc01de81e5f803450a5914434b9",
    "https://deno.land/std@0.213.0/path/windows/join.ts": "e0b3356615c1a75c56ebb6a7311157911659e11fd533d80d724800126b761ac3",
    "https://deno.land/std@0.213.0/path/windows/join_globs.ts": "ee2f4676c5b8a0dfa519da58b8ade4d1c4aa8dd3fe35619edec883ae9df1f8c9",
    "https://deno.land/std@0.213.0/path/windows/mod.ts": "7d6062927bda47c47847ffb55d8f1a37b0383840aee5c7dfc93984005819689c",
    "https://deno.land/std@0.213.0/path/windows/normalize.ts": "78126170ab917f0ca355a9af9e65ad6bfa5be14d574c5fb09bb1920f52577780",
    "https://deno.land/std@0.213.0/path/windows/normalize_glob.ts": "179c86ba89f4d3fe283d2addbe0607341f79ee9b1ae663abcfb3439db2e97810",
    "https://deno.land/std@0.213.0/path/windows/parse.ts": "b9239edd892a06a06625c1b58425e199f018ce5649ace024d144495c984da734",
    "https://deno.land/std@0.213.0/path/windows/relative.ts": "3e1abc7977ee6cc0db2730d1f9cb38be87b0ce4806759d271a70e4997fc638d7",
    "https://deno.land/std@0.213.0/path/windows/resolve.ts": "75b2e3e1238d840782cee3d8864d82bfaa593c7af8b22f19c6422cf82f330ab3",
    "https://deno.land/std@0.213.0/path/windows/separator.ts": "e51c5522140eff4f8402617c5c68a201fdfa3a1a8b28dc23587cff931b665e43",
    "https://deno.land/std@0.213.0/path/windows/to_file_url.ts": "1cd63fd35ec8d1370feaa4752eccc4cc05ea5362a878be8dc7db733650995484",
    "https://deno.land/std@0.213.0/path/windows/to_namespaced_path.ts": "4ffa4fb6fae321448d5fe810b3ca741d84df4d7897e61ee29be961a6aac89a4c",
    "https://deno.land/std@0.213.0/streams/reader_from_stream_reader.ts": "f981cf94a42133e5c6ace8c3b500565750806c4fc9802262ee63746abc528b0d",
    "https://deno.land/std@0.213.0/streams/writer_from_stream_writer.ts": "b0e39ef607dfdc5abdfb627edf61a9672809463e2bb022afcbaf0cd006c40feb",
    "https://deno.land/std@0.214.0/assert/assert.ts": "bec068b2fccdd434c138a555b19a2c2393b71dfaada02b7d568a01541e67cdc5",
    "https://deno.land/std@0.214.0/assert/assertion_error.ts": "9f689a101ee586c4ce92f52fa7ddd362e86434ffdf1f848e45987dc7689976b8",
    "https://deno.land/std@0.214.0/path/_common/assert_path.ts": "2ca275f36ac1788b2acb60fb2b79cb06027198bc2ba6fb7e163efaedde98c297",
    "https://deno.land/std@0.214.0/path/_common/constants.ts": "dc5f8057159f4b48cd304eb3027e42f1148cf4df1fb4240774d3492b5d12ac0c",
    "https://deno.land/std@0.214.0/path/_common/glob_to_reg_exp.ts": "2007aa87bed6eb2c8ae8381adcc3125027543d9ec347713c1ad2c68427330770",
    "https://deno.land/std@0.214.0/path/_common/normalize.ts": "684df4aa71a04bbcc346c692c8485594fc8a90b9408dfbc26ff32cf3e0c98cc8",
    "https://deno.land/std@0.214.0/path/_common/normalize_string.ts": "dfdf657a1b1a7db7999f7c575ee7e6b0551d9c20f19486c6c3f5ff428384c965",
    "https://deno.land/std@0.214.0/path/_os.ts": "8fb9b90fb6b753bd8c77cfd8a33c2ff6c5f5bc185f50de8ca4ac6a05710b2c15",
    "https://deno.land/std@0.214.0/path/glob.ts": "04510962905d4b1513b44da9cb195914e0fa46c24359f6feaca20848d797dcb0",
    "https://deno.land/std@0.214.0/path/glob_to_regexp.ts": "83c5fd36a8c86f5e72df9d0f45317f9546afa2ce39acaafe079d43a865aced08",
    "https://deno.land/std@0.214.0/path/is_glob.ts": "a65f6195d3058c3050ab905705891b412ff942a292bcbaa1a807a74439a14141",
    "https://deno.land/std@0.214.0/path/join_globs.ts": "e9589869a33dc3982101898ee50903db918ca00ad2614dbe3934d597d7b1fbea",
    "https://deno.land/std@0.214.0/path/normalize_glob.ts": "98ee8268fad271193603271c203ae973280b5abfbdd2cbca1053fd2af71869ca",
    "https://deno.land/std@0.214.0/path/posix/_util.ts": "1e3937da30f080bfc99fe45d7ed23c47dd8585c5e473b2d771380d3a6937cf9d",
    "https://deno.land/std@0.214.0/path/posix/constants.ts": "93481efb98cdffa4c719c22a0182b994e5a6aed3047e1962f6c2c75b7592bef1",
    "https://deno.land/std@0.214.0/path/posix/glob_to_regexp.ts": "54d3ff40f309e3732ab6e5b19d7111d2d415248bcd35b67a99defcbc1972e697",
    "https://deno.land/std@0.214.0/path/posix/join.ts": "aef88d5fa3650f7516730865dbb951594d1a955b785e2450dbee93b8e32694f3",
    "https://deno.land/std@0.214.0/path/posix/join_globs.ts": "ee2f4676c5b8a0dfa519da58b8ade4d1c4aa8dd3fe35619edec883ae9df1f8c9",
    "https://deno.land/std@0.214.0/path/posix/normalize.ts": "baeb49816a8299f90a0237d214cef46f00ba3e95c0d2ceb74205a6a584b58a91",
    "https://deno.land/std@0.214.0/path/posix/normalize_glob.ts": "65f0138fa518ef9ece354f32889783fc38cdf985fb02dcf1c3b14fa47d665640",
    "https://deno.land/std@0.214.0/path/windows/_util.ts": "d5f47363e5293fced22c984550d5e70e98e266cc3f31769e1710511803d04808",
    "https://deno.land/std@0.214.0/path/windows/constants.ts": "5afaac0a1f67b68b0a380a4ef391bf59feb55856aa8c60dfc01bd3b6abb813f5",
    "https://deno.land/std@0.214.0/path/windows/glob_to_regexp.ts": "6dcd1242bd8907aa9660cbdd7c93446e6927b201112b0cba37ca5d80f81be51b",
    "https://deno.land/std@0.214.0/path/windows/join.ts": "e0b3356615c1a75c56ebb6a7311157911659e11fd533d80d724800126b761ac3",
    "https://deno.land/std@0.214.0/path/windows/join_globs.ts": "ee2f4676c5b8a0dfa519da58b8ade4d1c4aa8dd3fe35619edec883ae9df1f8c9",
    "https://deno.land/std@0.214.0/path/windows/normalize.ts": "78126170ab917f0ca355a9af9e65ad6bfa5be14d574c5fb09bb1920f52577780",
    "https://deno.land/std@0.214.0/path/windows/normalize_glob.ts": "179c86ba89f4d3fe283d2addbe0607341f79ee9b1ae663abcfb3439db2e97810",
    "https://deno.land/x/dax@0.39.2/mod.ts": "309f96ce11fa8a1bb244fdfdcb60fa66f092200a72295402094aab88bdf02bdd",
    "https://deno.land/x/dax@0.39.2/src/command.ts": "01980353fec193bbc7f1c3690bb87472607d0b1b7d9844d17904920b907cd0de",
    "https://deno.land/x/dax@0.39.2/src/command_handler.ts": "a9e40f0f1ec57318e62904b5785fede82dcdf1101922ebb3ebfad8f1c4d9c8df",
    "https://deno.land/x/dax@0.39.2/src/commands/args.ts": "a138aef24294e3cbf13cef08f4836d018e8dd99fd06ad82e7e7f08ef680bbc1d",
    "https://deno.land/x/dax@0.39.2/src/commands/cat.ts": "ac42675faaf87609fd5d4bff9a7741cef7fd4465d6de709b8ccabe70f7fd4c98",
    "https://deno.land/x/dax@0.39.2/src/commands/cd.ts": "32533465933fada680c1fc887e24b65c8d4de3f5f98d0f55950dcead64da445c",
    "https://deno.land/x/dax@0.39.2/src/commands/cp_mv.ts": "29a11a0f6c81e9a19b897c9b3178594f06a55a00ca28cb63c17773e154b34299",
    "https://deno.land/x/dax@0.39.2/src/commands/echo.ts": "4672ad44a39fdcb3f9d9296a7c5773895bfae0f50a617fd999d1f0ca62a6aa36",
    "https://deno.land/x/dax@0.39.2/src/commands/exit.ts": "508a388671240381a2a9a8910d4bf068421ace27ae1cc10c056df48cf9d23334",
    "https://deno.land/x/dax@0.39.2/src/commands/export.ts": "c10d1dc6a45fd00e40afa6b19d7ecd29d09333f422b5b0fc75863baf13350969",
    "https://deno.land/x/dax@0.39.2/src/commands/mkdir.ts": "28220eae8d7e872dca26b8217ad1b7e15eacf24e92d80277201caacbbecb8232",
    "https://deno.land/x/dax@0.39.2/src/commands/printenv.ts": "8e1210b01ef5fcb8de71623f1195aab6ee034dbe684cd08e068ab855f9133ff9",
    "https://deno.land/x/dax@0.39.2/src/commands/pwd.ts": "113af521c5dc257310c26815295c691b8f894051249d1eb8ba49a46965e28c68",
    "https://deno.land/x/dax@0.39.2/src/commands/rm.ts": "a3441ddf9cb8f07fdf1657cb475caefcae71b71378681f4948e8ada93ef4478d",
    "https://deno.land/x/dax@0.39.2/src/commands/sleep.ts": "2ba65ab19ae0f78709070f43d588c8fd3ff76d0299d2485e587aaaed7b86dd51",
    "https://deno.land/x/dax@0.39.2/src/commands/test.ts": "336008d64d9737474ee225be9f8bd6fbad3f1c2128ba427e1b42d2c98366554f",
    "https://deno.land/x/dax@0.39.2/src/commands/touch.ts": "b8229c2c38b56ebff054dd8dc70109cb85bcef5aaf160193fd80ac93924aa7ad",
    "https://deno.land/x/dax@0.39.2/src/commands/unset.ts": "a85e9aca0606fd582114c5fc1f97fd6838a766110bad72dce7bd386172c1fbbb",
    "https://deno.land/x/dax@0.39.2/src/common.ts": "7a96f3e4d576f92be12364d520107cff54b3d1a98124b5a88538494c5109c6e6",
    "https://deno.land/x/dax@0.39.2/src/console/confirm.ts": "d9128d10b77fcc0a8df2784f71c79df68f5c8e00a34b04547b9ba9ddf1c97f96",
    "https://deno.land/x/dax@0.39.2/src/console/logger.ts": "e0ab5025915cef70df03681c756e211f25bb2e4331f82ed4256b17ddd9e794ea",
    "https://deno.land/x/dax@0.39.2/src/console/mod.ts": "de8af7d646f6cb222eee6560171993690247941b13ed9d757789d16f019d73ee",
    "https://deno.land/x/dax@0.39.2/src/console/multiSelect.ts": "31003744e58f45f720271bd034d8cfba1055c954ba02d77a2f2eb21e4c1ed55a",
    "https://deno.land/x/dax@0.39.2/src/console/progress/format.ts": "15ddbb8051580f88ed499281e12ca6f881f875ab73268d7451d7113ee130bd7d",
    "https://deno.land/x/dax@0.39.2/src/console/progress/interval.ts": "54ffc8c7501f8ab0b6370e120c00e9e2d3e9b0640fc2dc2989bbf22855172ed0",
    "https://deno.land/x/dax@0.39.2/src/console/progress/mod.ts": "dd9330c3edd1790d70808d043f417f0eaf80a4442a945545c38e47ce11e907b6",
    "https://deno.land/x/dax@0.39.2/src/console/prompt.ts": "1ad65c8a5a27fb58ce6138f8ebefe2fca4cd12015fea550fbdc62f875d4b31f7",
    "https://deno.land/x/dax@0.39.2/src/console/select.ts": "c9d7124d975bf34d52ea1ac88fd610ed39db8ee6505b9bb53f371cef2f56c6ab",
    "https://deno.land/x/dax@0.39.2/src/console/utils.ts": "6f2c4d7c98c13d40b0a16af622d654495eace06778343eb1507ecd0f3875d3ab",
    "https://deno.land/x/dax@0.39.2/src/deps.ts": "c6f4195419244d38879d4dd14de5190a507818ac62a5a992493c7567a1235f7d",
    "https://deno.land/x/dax@0.39.2/src/lib/mod.ts": "7d9d0cf99ecd3ff5c3e5329ea9e456b737581afb4a5c94c3f90244c990b5630d",
    "https://deno.land/x/dax@0.39.2/src/lib/rs_lib.generated.js": "0a1a482c4387379106ef0da69534ebc5b0c2a1ec9f6dab76833fe84a7e6bbdf6",
    "https://deno.land/x/dax@0.39.2/src/path.ts": "a1ca507225a516336f083432b992d83ad4cddeea9a91eef69abbbebb729721ae",
    "https://deno.land/x/dax@0.39.2/src/pipes.ts": "5ed17dc0aea34d219568d59c826c04e319a91497cac2be7c51a99603a3771c70",
    "https://deno.land/x/dax@0.39.2/src/request.ts": "21de624bc21155cf6143ea5eddf4de706944e26af10219957da4b8b20c7104ce",
    "https://deno.land/x/dax@0.39.2/src/result.ts": "719a9b4bc6bafeec785106744381cd5f37927c973334fcba6a33b6418fb9e7be",
    "https://deno.land/x/dax@0.39.2/src/runtimes/process.common.ts": "692afd5fa15f40ce452904fa5ce380462cee56fbee7abe271e509e78da997200",
    "https://deno.land/x/dax@0.39.2/src/runtimes/process.deno.ts": "50f85a086a9208b26c10dc2c1406fd9274226401f670d6862fdee05433c9ea4e",
    "https://deno.land/x/dax@0.39.2/src/shell.ts": "b95677094cc553c987f0f113a95a45d72f2896ef82754f9831029efbbafea5d5",
    "https://deno.land/x/dax@0.39.2/src/vendor/outdent.ts": "4d0283726579688c50b20c4b779e068acd3fa159a8784a4549e5e21bbef0ae64",
    "https://deno.land/x/deno_deno@1.42.1.7/main.js": "b351e5cd0c767820875acd985fbd3462543855be5918a2fe8987f2c921d9eec9",
    "https://deno.land/x/ensure@v1.2.0/mod.ts": "af0e793b92c6c08a3c68c094ba3cf788cb25db5b4025b86cb83d3e77cc86c644",
    "https://deno.land/x/ensure@v1.2.0/src/compare.ts": "8a8d0b6d30f82713f427434836864e5a91663471baf13eeb1b03d859f6350a5a",
    "https://deno.land/x/ensure@v1.2.0/src/main.ts": "442a17d487fdf6802c86c81a85a4dc9ad2c1528db0a5f2db8dc403cd35c96e49",
    "https://deno.land/x/good@1.14.3.0/flattened/after_iterable.js": "828cd4290a846055ecc8ec76b0e4586950e5d6fcd3068166e7256f6f278dc820",
    "https://deno.land/x/good@1.14.3.0/flattened/all_equal.js": "b7e179e04347505c4b9fc6dd0e66533fba817756a28633820fe83f0c437e3744",
    "https://deno.land/x/good@1.14.3.0/flattened/all_keys.js": "71ed06664181d08960b7df5e401bf7f82224457a65b41d5ddd71fd0e5e61b0cc",
    "https://deno.land/x/good@1.14.3.0/flattened/async_function__class.js": "bd04910ff65e3b440a81ad513a92aae70d5cec77e05e07539b7d5a4920d920cf",
    "https://deno.land/x/good@1.14.3.0/flattened/async_generator_function__class.js": "04813b9c28e55cfb85b92ef7b6d83c9c235807ad627b61bd1d1914990f152fe3",
    "https://deno.land/x/good@1.14.3.0/flattened/async_iterator_to_list.js": "3eecfc2bfb211b3b6e64f5808ea349df16e5c13cdc4c305f57d739b087370a1e",
    "https://deno.land/x/good@1.14.3.0/flattened/capitalize.js": "ac03f2894251737c8fc01ba39cbfbde144e22fb96af1549fc063873d48b43575",
    "https://deno.land/x/good@1.14.3.0/flattened/combinations.js": "b1ed65ac222a5af6f25b14221fb43789f4ca3a886624bd14247c402c2500fa2e",
    "https://deno.land/x/good@1.14.3.0/flattened/common_prefix.js": "f6072ca22f516e182ee1af713461b275d066128b758f13bfbaeddc4938ed7ae8",
    "https://deno.land/x/good@1.14.3.0/flattened/common_prefix_removed.js": "72f555e127b89724921bba2569690442bcabe4058c78f120fb1504b480a4dcfa",
    "https://deno.land/x/good@1.14.3.0/flattened/common_suffix.js": "6bfcf2947d5bfa72899bbdf258a55e85f7c1cc205f0305715c6ea1ca72718866",
    "https://deno.land/x/good@1.14.3.0/flattened/common_suffix_removed.js": "3f7d28a0ebc13e9fb63129d87878f184f6f42cad7cd033daeb1110d19eaf5308",
    "https://deno.land/x/good@1.14.3.0/flattened/concurrently_transform.js": "87d2595f7d53c78ad1c7e1129cb7857fc0e59d2ea2d55b93037522e9a585028d",
    "https://deno.land/x/good@1.14.3.0/flattened/count.js": "b14c594161b607d374e12ebefd2e779ce8c6daf1488345377c59e05d7cdc0e00",
    "https://deno.land/x/good@1.14.3.0/flattened/deferred_promise.js": "c0fd49692c1b3b2860eb761d717abd3390b046cb448998e20d5764b44a06d1ae",
    "https://deno.land/x/good@1.14.3.0/flattened/did_you_mean.js": "e563f9cfecdab817767a47ccba46a13b46a2053c9d35641c079a3e0f107a4a39",
    "https://deno.land/x/good@1.14.3.0/flattened/digits_to_english_array.js": "3380712146f777e66bf84ec8ba883141c0a5aad1fbce9dc14ed22807f1faa341",
    "https://deno.land/x/good@1.14.3.0/flattened/empty_generator_object.js": "5832c04b97297226fa8b8c715b5311dd1b63fe0722d1000cfb4213a554d7ef12",
    "https://deno.land/x/good@1.14.3.0/flattened/enumerate.js": "a274e8cc91dc407c6853026d91ecd56fa0b958f85354bff8b7469759dfb19d5a",
    "https://deno.land/x/good@1.14.3.0/flattened/escape_js_string.js": "8dabb44e745c24f9aab53acadf64e2b8a7a26918287225a84d7343abc180cc01",
    "https://deno.land/x/good@1.14.3.0/flattened/escape_regex_match.js": "bb48e25ebce3fb919530606400cb93b81772ebeb0181f30d0e188910dc7a274d",
    "https://deno.land/x/good@1.14.3.0/flattened/escape_regex_replace.js": "68a3e6b1ff9b2f5d11b597ebf951ce278b8c078c9d13f431aacb55cf952eff46",
    "https://deno.land/x/good@1.14.3.0/flattened/extract_first.js": "4fad1720bd1cc31dcc0dcc670c0686df317d020129a2d1a396d7283edf77cdda",
    "https://deno.land/x/good@1.14.3.0/flattened/find_all.js": "5b2e9e2ceb6c0ff8d18fcac8ab9e102f2e4cdfddd6c7d28efe7feeaa458d36cc",
    "https://deno.land/x/good@1.14.3.0/flattened/fork_by.js": "21a4bde467455c85cc18c60c00179f79c65c8b597d03f9512d3a8643dfc614d5",
    "https://deno.land/x/good@1.14.3.0/flattened/frequency_count.js": "b4cebfeaf64ea25505e55510b110b01456960df6311e1179964c3fbb92b11a0b",
    "https://deno.land/x/good@1.14.3.0/flattened/indent.js": "8014a642ee1d22901b9c5e8768ce7b0e582bfe142814442199b44a7e17dbbaa0",
    "https://deno.land/x/good@1.14.3.0/flattened/is_async_iterable.js": "78fd5a1fd4a1e060a912a79fb963691d92874d1477d8d1193fcbf8f0b5f1bb80",
    "https://deno.land/x/good@1.14.3.0/flattened/is_built_in_generator_function.js": "e8c9763ea1c9cd7d51daacd17b5e86d857a5bad752b457a975124258241fccff",
    "https://deno.land/x/good@1.14.3.0/flattened/is_generator_object.js": "1e70c76cc8e09607f14d041fab921fd20d78c4e09fe2ca5760cba6c8b7cb9264",
    "https://deno.land/x/good@1.14.3.0/flattened/is_iterable_technically.js": "3b95d416d7181f7e876c90cbba2b2fd4fd5beb00a4c466e58218724c75af1f95",
    "https://deno.land/x/good@1.14.3.0/flattened/is_iterator.js": "4ec120bca955f3132ddb9d5688ca0f5bb730462065b5b7b8d952f8b2ab62b7c5",
    "https://deno.land/x/good@1.14.3.0/flattened/is_sync_iterable_object_or_container.js": "df4c5b3dd9adc8713759f34c6f6977899b01d1d0bb79e09db45f37b3fee3b6ca",
    "https://deno.land/x/good@1.14.3.0/flattened/is_valid_identifier.js": "8336e641318bbe52d9a948f4b1c30a544c6e23d298a60d7383dfd896eaa8f32d",
    "https://deno.land/x/good@1.14.3.0/flattened/is_valid_key_literal.js": "92a4006858f0db16da69e929900be675e0b0fd240fe177a86fe0b75b8114b39f",
    "https://deno.land/x/good@1.14.3.0/flattened/iter.js": "dd012d50eb14de6a8d6642c78da7eb111119831fe1dc76f32f742a1deb96a6cc",
    "https://deno.land/x/good@1.14.3.0/flattened/iter_zip_long_sync.js": "4c94a0b3de809ebd82bb6deab36b8d6501484bb01a8b50e0a2f5766969e31932",
    "https://deno.land/x/good@1.14.3.0/flattened/iterable__class.js": "d79b74e6d039a155c5239dbe8d573a43b4f6fac0b66082d2ba98ec4074b4da18",
    "https://deno.land/x/good@1.14.3.0/flattened/iterate_reversed.js": "335df1b699d6926746cfc19b98bf9130de8b4114c047b1f09f2c5a5549531cbe",
    "https://deno.land/x/good@1.14.3.0/flattened/iteratively_find_all.js": "99df80abbd648ade4ab0a2631e7ed45a9c28cf5d37fe4d7c541b926249727c18",
    "https://deno.land/x/good@1.14.3.0/flattened/lazy_concat.js": "295f3cc475b7aa747cef7bd44cebeca6aa57a6ed978b3c6774c432bb3babac5a",
    "https://deno.land/x/good@1.14.3.0/flattened/lazy_filter.js": "3b5915d25b62b45dc4edfcca60d5f99f39f2a5b78f7997378950ebee60372b7a",
    "https://deno.land/x/good@1.14.3.0/flattened/lazy_flatten.js": "1d33d05c1afa994b95c7962578efd36b717404e37cfd03b4d09dc8a0e8061f35",
    "https://deno.land/x/good@1.14.3.0/flattened/lazy_map.js": "caaa90f2f583815e4c40eeac11de3aacd04a9b4ccb63796ce195ca8411ed5456",
    "https://deno.land/x/good@1.14.3.0/flattened/levenshtein_distance_between.js": "e385eb1546874ab9dc5df0ceccb90a5435f41500bfab31f0af2db11a7172bbfd",
    "https://deno.land/x/good@1.14.3.0/flattened/levenshtein_distance_ordering.js": "e5a75c94bc00b83ab9136d522ce78c2a712e7a7ad56511f8dda4088bf1669b28",
    "https://deno.land/x/good@1.14.3.0/flattened/make_iterable.js": "498cf2a94de08ce85b11b7477d71aa27553e0314cadd317efbc5b5e87c234ded",
    "https://deno.land/x/good@1.14.3.0/flattened/make_iterator.js": "ea6a397d92b7384b8a0da02df22e9212ecbf11aa89bfc4eedeb8214056634e3c",
    "https://deno.land/x/good@1.14.3.0/flattened/next.js": "e36e47596941e8ea2cdbd385e076ead6f7b82423f36f8c63aeb494b856d10a3d",
    "https://deno.land/x/good@1.14.3.0/flattened/path_pure_name.js": "2ba943acc02ba3066748b0be4416aa4e17dd219f4b8295745ef574b42d3356cd",
    "https://deno.land/x/good@1.14.3.0/flattened/permute.js": "6f5061f0b100fa05b2cf82d1152635e1ab9840a9cfb13a805dc30a06cefbdbd9",
    "https://deno.land/x/good@1.14.3.0/flattened/reduce.js": "1a7f503b596230091360b7319f1e472b5d5cdcde105ed2015a4fde29f9e65040",
    "https://deno.land/x/good@1.14.3.0/flattened/regex.js": "67031e9e823372ecf1ddb2cb23c9386d19688a67cc26875057d7843f20d3ef7f",
    "https://deno.land/x/good@1.14.3.0/flattened/remove_common_prefix.js": "33bc350be6bcc1fdc301c64974f44f7a2d00317ff595348e406d0c79b1005e14",
    "https://deno.land/x/good@1.14.3.0/flattened/remove_common_suffix.js": "cd101bb555afdb74ee619d043ba33f39e9eadaf0688cd91d4c6e866914de3326",
    "https://deno.land/x/good@1.14.3.0/flattened/slices.js": "822888ccb3ce0b42602cc071ad2075898ab8a9dd907c161d99b60713752bdaaf",
    "https://deno.land/x/good@1.14.3.0/flattened/stop_symbol.js": "f740110b4a13c0b58cdf3836e83e01f1a9560e35ac19adb33c82261efbbe3541",
    "https://deno.land/x/good@1.14.3.0/flattened/string_to_utf8_bytes.js": "cdf8e955c3758f96e23fac5fb1741e0b3186b430c80a638b4696e98690ad3ac6",
    "https://deno.land/x/good@1.14.3.0/flattened/sync_generator_function__class.js": "513a077785f5d02b291438393ab28aea496ad3b598f2e67835281c4c2d65c59b",
    "https://deno.land/x/good@1.14.3.0/flattened/to_camel_case.js": "4b12ded8e8d9a0ad9a6a0c2d0a1b7c92a5618df668e17edc8407b99536956787",
    "https://deno.land/x/good@1.14.3.0/flattened/to_kebab_case.js": "e0d0e1c17bd53533f9faeb39a3d8ceb1ebf6024eadb0f353447a80a388f0ed17",
    "https://deno.land/x/good@1.14.3.0/flattened/to_pascal_case.js": "3b8adc536f8ae99360f2d87b5a1b3624eff1646792abcbcc7379f0094a2d4e1b",
    "https://deno.land/x/good@1.14.3.0/flattened/to_representation.js": "43b790e1fa70eb2d008bd2629dbc5403e930e81d4b5479e17b35aff6d13a6785",
    "https://deno.land/x/good@1.14.3.0/flattened/to_screaming_kebab_case.js": "59a043737404aec93f2e8a49ee665108194d5c444d8d483658146af4728a03fb",
    "https://deno.land/x/good@1.14.3.0/flattened/to_screaming_snake_case.js": "ae3a0aa0c70a8d96beaf8dafce9f232f4244cc2522888031751228e327d1ce90",
    "https://deno.land/x/good@1.14.3.0/flattened/to_snake_case.js": "d3d489b88987afae54856c00784113c58fc012af5cf143d88eab9325a408d718",
    "https://deno.land/x/good@1.14.3.0/flattened/to_string.js": "eaf5dbcdccea49da5eeea5ba10260876eae2ca248bfb30157ca62fea8ac6e347",
    "https://deno.land/x/good@1.14.3.0/flattened/typed_array__class.js": "90aff697c9b806cc12c2d72fd4aad994b1239790fc4da060d8e9621bf84070d6",
    "https://deno.land/x/good@1.14.3.0/flattened/typed_array_classes.js": "a4820d7bbec03a38fb26f45ed3995fedbebc355e934d046b6f490b55df959300",
    "https://deno.land/x/good@1.14.3.0/flattened/utf8_bytes_to_string.js": "2312c84d92a4698fe2d1ae9d3741d5af8f00bec0d9a7147d4d1e19cf1ee345ec",
    "https://deno.land/x/good@1.14.3.0/flattened/word_list.js": "fc39da8e045a7f1e017e208c9ebbd4803ff74b4e437458d765fc11461e60d7f0",
    "https://deno.land/x/good@1.14.3.0/flattened/zip_long.js": "73159db0a96262311f4427f8fa507e2387f790d26dadd5fdcfc88a2ec5d668c8",
    "https://deno.land/x/good@1.14.3.0/iterable.js": "907a65dd21e79d000338c4ae0567fe349a538dda427fc57eee3463575bac6d61",
    "https://deno.land/x/good@1.14.3.0/string.js": "86530d16b29313c9fe52bb0fee0536c93842651bb4671b8d14dd5e6ac15e85d9",
    "https://deno.land/x/good@1.14.3.0/support/posix.js": "3c1a2817024cf4169469b69c50828edd0c507232127bac009609895b65f5f8a8",
    "https://deno.land/x/good@1.14.3.3/flattened/deferred_promise.js": "c0fd49692c1b3b2860eb761d717abd3390b046cb448998e20d5764b44a06d1ae",
    "https://deno.land/x/good@1.4.4.2/async.js": "ebc036c276b7354ca879feda8c0383c6acf009dc727f5149aec40a1f821eca03",
    "https://deno.land/x/good@1.4.4.2/iterable.js": "dd5369505b018a131adf60022323c66338d31ab896f065731abaf366f297307a",
    "https://deno.land/x/good@1.4.4.2/string.js": "3c08ec9a5bcce57e49ed6a6022029a8dc1dd6729f3e3132157793bc9340d0a02",
    "https://deno.land/x/good@1.4.4.2/value.js": "352b0f0dce78ccb3d97717911956176c125b9e498b7c575817f20cffac971467",
    "https://deno.land/x/good@1.5.0.3/value.js": "dc5b96f2dabc51f0d1d86d3cf72ef55f623b82b7b2f0698b41b4714b4201247d",
    "https://deno.land/x/good@1.6.0.1/async.js": "f6c364c55802a90608485e708899d38699e7ba55386f10bff29339fd939a5898",
    "https://deno.land/x/good@1.6.0.1/iterable.js": "42885dceeb9173b21ba8489e6cc3b10db640428aff7c31394a253c7894dba3e6",
    "https://deno.land/x/good@1.6.0.1/string.js": "0e5985e4566e401292c7c0de89c64bc45d900c00e2fd4ab60b9cf16bdbdd449d",
    "https://deno.land/x/good@1.6.0.1/value.js": "dc5b96f2dabc51f0d1d86d3cf72ef55f623b82b7b2f0698b41b4714b4201247d",
    "https://deno.land/x/quickr@0.6.29/main/file_system.js": "7b71bef70413b26d44f2e727aaebf30176c832b3afaa80c586c968f950267acb",
    "https://deno.land/x/quickr@0.6.72/main/file_system.js": "3b56ab842e1725ffb5bae0693fdb77b91f716e77dcbc10e19a1a487a2f4f6d73",
    "https://deno.land/x/quickr@0.6.72/main/flat/_path_standardize.js": "d3ac928d9bed148d81f892cda7ccd9502c28325622fb4b7b8f4fb55f94c91902",
    "https://deno.land/x/quickr@0.6.72/main/flat/escape_glob.js": "b7e7b9927863be2cc59a112a746e2c6efd12aa5c3b6f63e88175ca63d3095a19",
    "https://deno.land/x/quickr@0.6.72/main/flat/escape_glob_for_posix.js": "f3b11ddcf283af1346ab4874b6ed2eb7f8f445a617b7868a2561bd47b2db1fca",
    "https://deno.land/x/quickr@0.6.72/main/flat/escape_glob_for_windows.js": "e01be2e2eb4cee9242a7b3a8b999a4e4e3fb1c55e869158c2260bb5d2ec33349",
    "https://deno.land/x/quickr@0.6.72/main/flat/make_absolute_path.js": "6782f5f867daa54ecdc7aced678fd243609048c832065cb7c8b6ac7de6e50a3a",
    "https://deno.land/x/quickr@0.6.72/main/flat/normalize_path.js": "5971bf1a29c04f3d79188fa4f05bc46927a90ad60ba3bb61b0456776966bd206",
    "https://deno.land/x/quickr@0.6.72/main/flat/path.js": "ee37276b58496aaeff34735e140a6f7d5a71bd2b24c67246d35f035c377cf003",
    "https://deno.land/x/quickr@0.7.4/main/file_system.js": "36a32afcf4f063a695db9ab021896ca9d3da7a9587ee26641db98860e5ce3d99",
    "https://deno.land/x/quickr@0.7.4/main/flat/_path_standardize.js": "a7c98fcb01b92e2654b5907eb4df172d31a26d472995536d77eab46064c648a3",
    "https://deno.land/x/quickr@0.7.4/main/flat/escape_glob.js": "b7e7b9927863be2cc59a112a746e2c6efd12aa5c3b6f63e88175ca63d3095a19",
    "https://deno.land/x/quickr@0.7.4/main/flat/escape_glob_for_posix.js": "f3b11ddcf283af1346ab4874b6ed2eb7f8f445a617b7868a2561bd47b2db1fca",
    "https://deno.land/x/quickr@0.7.4/main/flat/escape_glob_for_windows.js": "e01be2e2eb4cee9242a7b3a8b999a4e4e3fb1c55e869158c2260bb5d2ec33349",
    "https://deno.land/x/quickr@0.7.4/main/flat/make_absolute_path.js": "6782f5f867daa54ecdc7aced678fd243609048c832065cb7c8b6ac7de6e50a3a",
    "https://deno.land/x/quickr@0.7.4/main/flat/normalize_path.js": "5971bf1a29c04f3d79188fa4f05bc46927a90ad60ba3bb61b0456776966bd206",
    "https://deno.land/x/quickr@0.7.4/main/flat/path.js": "ee37276b58496aaeff34735e140a6f7d5a71bd2b24c67246d35f035c377cf003",
    "https://deno.land/x/quickr@0.7.5/main/file_system.js": "4ce8db38dff61f3e5ac412c876c163135d892f40f70bb419181acbbde9909db9",
    "https://deno.land/x/quickr@0.7.5/main/flat/_path_standardize.js": "a7c98fcb01b92e2654b5907eb4df172d31a26d472995536d77eab46064c648a3",
    "https://deno.land/x/quickr@0.7.5/main/flat/escape_glob.js": "b7e7b9927863be2cc59a112a746e2c6efd12aa5c3b6f63e88175ca63d3095a19",
    "https://deno.land/x/quickr@0.7.5/main/flat/escape_glob_for_posix.js": "f3b11ddcf283af1346ab4874b6ed2eb7f8f445a617b7868a2561bd47b2db1fca",
    "https://deno.land/x/quickr@0.7.5/main/flat/escape_glob_for_windows.js": "e01be2e2eb4cee9242a7b3a8b999a4e4e3fb1c55e869158c2260bb5d2ec33349",
    "https://deno.land/x/quickr@0.7.5/main/flat/make_absolute_path.js": "6782f5f867daa54ecdc7aced678fd243609048c832065cb7c8b6ac7de6e50a3a",
    "https://deno.land/x/quickr@0.7.5/main/flat/normalize_path.js": "5971bf1a29c04f3d79188fa4f05bc46927a90ad60ba3bb61b0456776966bd206",
    "https://deno.land/x/quickr@0.7.5/main/flat/path.js": "ee37276b58496aaeff34735e140a6f7d5a71bd2b24c67246d35f035c377cf003",
    "https://deno.land/x/which@0.3.0/mod.ts": "3e10d07953c14e4ddc809742a3447cef14202cdfe9be6678a1dfc8769c4487e6",
    "https://esm.sh/gh/jeff-hykin/good-js@40797ac/denonext/source/flattened/common_prefix.mjs": "66de1cb158f60faa191dd4bab6baaf142411121ce7e652b1b2ca408b0bed55c4",
    "https://esm.sh/gh/jeff-hykin/good-js@40797ac/source/flattened/common_prefix.js": "43600de219f3936cc57e74094ab52292c8b81f919c7b9ef256bb1444981a20d1"
  }
}
